
Microsoft Visual Studio Solution File, Format Version 12.00
# Visual Studio Version 17
VisualStudioVersion = 17.2.32519.379
MinimumVisualStudioVersion = 10.0.40219.1
Project("{FAE04EC0-301F-11D3-BF4B-00C04F79EFBC}") = "Practice", "Practice\Practice.csproj", "{5591AAB8-0997-4DD5-8ACF-E7AAC0CD34E4}"
EndProject
Global
	GlobalSection(SolutionConfigurationPlatforms) = preSolution
		Debug|Any CPU = Debug|Any CPU
		Release|Any CPU = Release|Any CPU
	EndGlobalSection
	GlobalSection(ProjectConfigurationPlatforms) = postSolution
		{5591AAB8-0997-4DD5-8ACF-E7AAC0CD34E4}.Debug|Any CPU.ActiveCfg = Debug|Any CPU
		{5591AAB8-0997-4DD5-8ACF-E7AAC0CD34E4}.Debug|Any CPU.Build.0 = Debug|Any CPU
		{5591AAB8-0997-4DD5-8ACF-E7AAC0CD34E4}.Release|Any CPU.ActiveCfg = Release|Any CPU
		{5591AAB8-0997-4DD5-8ACF-E7AAC0CD34E4}.Release|Any CPU.Build.0 = Release|Any CPU
	EndGlobalSection
	GlobalSection(SolutionProperties) = preSolution
		HideSolutionNode = FALSE
	EndGlobalSection
	GlobalSection(ExtensibilityGlobals) = postSolution
		SolutionGuid = {AA6583F8-1565-4753-A6D9-EA7B8F07B0A7}
	EndGlobalSection
EndGlobal
